PODS:
  - Alamofire (4.9.1)
  - AlamofireObjectMapper (5.2.1):
    - Alamofire (~> 4.7)
    - ObjectMapper (~> 3.4)
  - ARNTransitionAnimator (3.2.0)
  - IQKeyboardManagerSwift (6.5.5)
  - Kingfisher (5.13.4):
    - Kingfisher/Core (= 5.13.4)
  - Kingfisher/Core (5.13.4)
  - NVActivityIndicatorView (4.8.0):
    - NVActivityIndicatorView/Presenter (= 4.8.0)
  - NVActivityIndicatorView/Presenter (4.8.0)
  - ObjectMapper (3.5.2)
  - SkyFloatingLabelTextField (3.8.0)
  - SwiftMessages (7.0.1):
    - SwiftMessages/App (= 7.0.1)
  - SwiftMessages/App (7.0.1)

DEPENDENCIES:
  - Alamofire (~> 4.9)
  - AlamofireObjectMapper
  - ARNTransitionAnimator
  - IQKeyboardManagerSwift
  - Kingfisher
  - NVActivityIndicatorView
  - SkyFloatingLabelTextField
  - SwiftMessages

SPEC REPOS:
  trunk:
    - Alamofire
    - AlamofireObjectMapper
    - ARNTransitionAnimator
    - IQKeyboardManagerSwift
    - Kingfisher
    - NVActivityIndicatorView
    - ObjectMapper
    - SkyFloatingLabelTextField
    - SwiftMessages

SPEC CHECKSUMS:
  Alamofire: 85e8a02c69d6020a0d734f6054870d7ecb75cf18
  AlamofireObjectMapper: 1989f690e982b71921b9253f53a4f33a9bc00d88
  ARNTransitionAnimator: 6fea1fe318b251abfd3cbd06d91215deb374ae40
  IQKeyboardManagerSwift: 0fb93310284665245591f50f7a5e38de615960b7
  Kingfisher: d2279a7abece3c7f25a80cd2b7f363ca5cf3f44c
  NVActivityIndicatorView: d24b7ebcf80af5dcd994adb650e2b6c93379270f
  ObjectMapper: b53ae947d370bf89423e86be7d4e2d2b2a8d3f40
  SkyFloatingLabelTextField: 5a338412114808e961fe2d14ea2c5452c8b6e4aa
  SwiftMessages: b577dc7043be8b299857ab35bb663dbff6483bd0

PODFILE CHECKSUM: 20e27469c9010fcfbc4d8b59402e3e41bf6bb5c7

COCOAPODS: 1.9.0.beta.3
