PODS:
  - Alamofire (4.9.1)
  - AlamofireObjectMapper (5.2.1):
    - Alamofire (~> 4.7)
    - ObjectMapper (~> 3.4)
  - ARNTransitionAnimator (3.2.0)
  - AvailableHapticFeedback (1.0.2)
  - IQKeyboardManagerSwift (6.5.5)
  - Kingfisher (5.13.4):
    - Kingfisher/Core (= 5.13.4)
  - Kingfisher/Core (5.13.4)
  - MultiSlider (1.10.9):
    - AvailableHapticFeedback
    - SweeterSwift
  - NVActivityIndicatorView (4.8.0):
    - NVActivityIndicatorView/Presenter (= 4.8.0)
  - NVActivityIndicatorView/Presenter (4.8.0)
  - ObjectMapper (3.5.2)
  - SkyFloatingLabelTextField (3.8.0)
  - SweeterSwift (1.1.3)
  - SwiftMessages (7.0.1):
    - SwiftMessages/App (= 7.0.1)
  - SwiftMessages/App (7.0.1)

DEPENDENCIES:
  - Alamofire (~> 4.9)
  - AlamofireObjectMapper
  - ARNTransitionAnimator
  - IQKeyboardManagerSwift
  - Kingfisher
  - MultiSlider
  - NVActivityIndicatorView
  - SkyFloatingLabelTextField
  - SwiftMessages

SPEC REPOS:
  trunk:
    - Alamofire
    - AlamofireObjectMapper
    - ARNTransitionAnimator
    - AvailableHapticFeedback
    - IQKeyboardManagerSwift
    - Kingfisher
    - MultiSlider
    - NVActivityIndicatorView
    - ObjectMapper
    - SkyFloatingLabelTextField
    - SweeterSwift
    - SwiftMessages

SPEC CHECKSUMS:
  Alamofire: 85e8a02c69d6020a0d734f6054870d7ecb75cf18
  AlamofireObjectMapper: 1989f690e982b71921b9253f53a4f33a9bc00d88
  ARNTransitionAnimator: 6fea1fe318b251abfd3cbd06d91215deb374ae40
  AvailableHapticFeedback: 9b21b9f6d3e4566015988b5de35b40abefe6c09a
  IQKeyboardManagerSwift: 0fb93310284665245591f50f7a5e38de615960b7
  Kingfisher: d2279a7abece3c7f25a80cd2b7f363ca5cf3f44c
  MultiSlider: 5b0a78da0b4fd4bbc53c9c2bf917e0de0ebcbb04
  NVActivityIndicatorView: d24b7ebcf80af5dcd994adb650e2b6c93379270f
  ObjectMapper: b53ae947d370bf89423e86be7d4e2d2b2a8d3f40
  SkyFloatingLabelTextField: 5a338412114808e961fe2d14ea2c5452c8b6e4aa
  SweeterSwift: d909211f6833405628c8c7c6bf9f8f2e8a0e9df9
  SwiftMessages: b577dc7043be8b299857ab35bb663dbff6483bd0

PODFILE CHECKSUM: ec960febf07e014d209711ccede6501459c8c279

COCOAPODS: 1.9.0.beta.3
